
Microsoft Visual Studio Solution File, Format Version 12.00
# Visual Studio Version 17
VisualStudioVersion = 17.5.002.0
MinimumVisualStudioVersion = 10.0.40219.1
Project("{9A19103F-16F7-4668-BE54-9A1E7A4F7556}") = "RichardBurnsRally", "RichardBurnsRally.csproj", "{DF1C6264-D677-4C7E-8100-00CF7E67CDA4}"
EndProject
Global
	GlobalSection(SolutionConfigurationPlatforms) = preSolution
		Debug|Any CPU = Debug|Any CPU
		Release|Any CPU = Release|Any CPU
	EndGlobalSection
	GlobalSection(ProjectConfigurationPlatforms) = postSolution
		{DF1C6264-D677-4C7E-8100-00CF7E67CDA4}.Debug|Any CPU.ActiveCfg = Debug|Any CPU
		{DF1C6264-D677-4C7E-8100-00CF7E67CDA4}.Debug|Any CPU.Build.0 = Debug|Any CPU
		{DF1C6264-D677-4C7E-8100-00CF7E67CDA4}.Release|Any CPU.ActiveCfg = Release|Any CPU
		{DF1C6264-D677-4C7E-8100-00CF7E67CDA4}.Release|Any CPU.Build.0 = Release|Any CPU
	EndGlobalSection
	GlobalSection(SolutionProperties) = preSolution
		HideSolutionNode = FALSE
	EndGlobalSection
	GlobalSection(ExtensibilityGlobals) = postSolution
		SolutionGuid = {A97AF28B-48A0-4C2E-8733-DAE576BCB55C}
	EndGlobalSection
EndGlobal
