
Microsoft Visual Studio Solution File, Format Version 12.00
# Visual Studio Version 17
VisualStudioVersion = 17.14.36414.22
MinimumVisualStudioVersion = 10.0.40219.1
Project("{FAE04EC0-301F-11D3-BF4B-00C04F79EFBC}") = "vAzhureRacingHub", "vAzhureRacingHub.csproj", "{44ED11E0-0334-4BD6-AFAB-B46D5129E67D}"
	ProjectSection(ProjectDependencies) = postProject
		{B9FCF55F-72AA-4C47-99BC-3FCCF9904FF6} = {B9FCF55F-72AA-4C47-99BC-3FCCF9904FF6}
	EndProjectSection
EndProject
Project("{FAE04EC0-301F-11D3-BF4B-00C04F79EFBC}") = "vAzhureRacingAPI", "vAzhureRacingAPI\vAzhureRacingAPI.csproj", "{B9FCF55F-72AA-4C47-99BC-3FCCF9904FF6}"
EndProject
Project("{FAE04EC0-301F-11D3-BF4B-00C04F79EFBC}") = "rFactor2plugin", "rFactor2plugin\rFactor2plugin.csproj", "{1E83D754-0DF1-4B68-BB37-88D441EAB544}"
	ProjectSection(ProjectDependencies) = postProject
		{B9FCF55F-72AA-4C47-99BC-3FCCF9904FF6} = {B9FCF55F-72AA-4C47-99BC-3FCCF9904FF6}
		{D0C09F9B-E1D6-4A04-B698-190F52BBA156} = {D0C09F9B-E1D6-4A04-B698-190F52BBA156}
	EndProjectSection
EndProject
Project("{FAE04EC0-301F-11D3-BF4B-00C04F79EFBC}") = "Nextion35Dash", "Nextion35Dash\Nextion35Dash.csproj", "{158D561C-116C-43DE-A687-12401EBAA88E}"
	ProjectSection(ProjectDependencies) = postProject
		{B9FCF55F-72AA-4C47-99BC-3FCCF9904FF6} = {B9FCF55F-72AA-4C47-99BC-3FCCF9904FF6}
	EndProjectSection
EndProject
Project("{FAE04EC0-301F-11D3-BF4B-00C04F79EFBC}") = "iRacingPlugin", "iRacingPlugin\iRacingPlugin.csproj", "{7A0A94DC-70CE-4323-8DD9-B7235CE036D0}"
	ProjectSection(ProjectDependencies) = postProject
		{B9FCF55F-72AA-4C47-99BC-3FCCF9904FF6} = {B9FCF55F-72AA-4C47-99BC-3FCCF9904FF6}
	EndProjectSection
EndProject
Project("{FAE04EC0-301F-11D3-BF4B-00C04F79EFBC}") = "PCars2", "PCars2\PCars2.csproj", "{906AF0C1-D265-49DE-9CA5-2C2C049F70DD}"
	ProjectSection(ProjectDependencies) = postProject
		{B9FCF55F-72AA-4C47-99BC-3FCCF9904FF6} = {B9FCF55F-72AA-4C47-99BC-3FCCF9904FF6}
	EndProjectSection
EndProject
Project("{FAE04EC0-301F-11D3-BF4B-00C04F79EFBC}") = "RaceRoomPlugin", "RaceRoomPlugin\RaceRoomPlugin.csproj", "{B44346F8-CC3A-4FB0-A253-7A4A61C91CA5}"
	ProjectSection(ProjectDependencies) = postProject
		{B9FCF55F-72AA-4C47-99BC-3FCCF9904FF6} = {B9FCF55F-72AA-4C47-99BC-3FCCF9904FF6}
	EndProjectSection
EndProject
Project("{FAE04EC0-301F-11D3-BF4B-00C04F79EFBC}") = "KunosPlugin", "KunosPlugin\KunosPlugin.csproj", "{6DC3B516-D594-4FA0-9BFF-FB0E36E55669}"
	ProjectSection(ProjectDependencies) = postProject
		{B9FCF55F-72AA-4C47-99BC-3FCCF9904FF6} = {B9FCF55F-72AA-4C47-99BC-3FCCF9904FF6}
	EndProjectSection
EndProject
Project("{FAE04EC0-301F-11D3-BF4B-00C04F79EFBC}") = "Codemasters", "Codemasters\Codemasters.csproj", "{60382F1B-B5C2-4DA3-8DE6-CD2316D9D353}"
	ProjectSection(ProjectDependencies) = postProject
		{B9FCF55F-72AA-4C47-99BC-3FCCF9904FF6} = {B9FCF55F-72AA-4C47-99BC-3FCCF9904FF6}
	EndProjectSection
EndProject
Project("{FAE04EC0-301F-11D3-BF4B-00C04F79EFBC}") = "MotionPlatform3", "MotionPlatform3\MotionPlatform3.csproj", "{6F2FB510-4897-4CE7-8C50-C603CCA90713}"
	ProjectSection(ProjectDependencies) = postProject
		{B9FCF55F-72AA-4C47-99BC-3FCCF9904FF6} = {B9FCF55F-72AA-4C47-99BC-3FCCF9904FF6}
	EndProjectSection
EndProject
Project("{FAE04EC0-301F-11D3-BF4B-00C04F79EFBC}") = "KartKraft", "KartKraft\KartKraft.csproj", "{FCB3EBE1-6E07-41BB-8182-A2AC03D54FF3}"
	ProjectSection(ProjectDependencies) = postProject
		{B9FCF55F-72AA-4C47-99BC-3FCCF9904FF6} = {B9FCF55F-72AA-4C47-99BC-3FCCF9904FF6}
	EndProjectSection
EndProject
Project("{FAE04EC0-301F-11D3-BF4B-00C04F79EFBC}") = "BeamNG", "BeamNG\BeamNG.csproj", "{4BFF2C7E-F8CE-4D1A-916E-2158FD0A3595}"
	ProjectSection(ProjectDependencies) = postProject
		{B9FCF55F-72AA-4C47-99BC-3FCCF9904FF6} = {B9FCF55F-72AA-4C47-99BC-3FCCF9904FF6}
	EndProjectSection
EndProject
Project("{FAE04EC0-301F-11D3-BF4B-00C04F79EFBC}") = "ForzaHorizon", "ForzaHorizon\ForzaHorizon.csproj", "{6E0131D4-233C-4538-868B-AD43E487C103}"
	ProjectSection(ProjectDependencies) = postProject
		{B9FCF55F-72AA-4C47-99BC-3FCCF9904FF6} = {B9FCF55F-72AA-4C47-99BC-3FCCF9904FF6}
	EndProjectSection
EndProject
Project("{FAE04EC0-301F-11D3-BF4B-00C04F79EFBC}") = "KRP", "KRP\KRP.csproj", "{3A0990F7-AFDF-4E02-ADC1-63C9613B603F}"
	ProjectSection(ProjectDependencies) = postProject
		{B9FCF55F-72AA-4C47-99BC-3FCCF9904FF6} = {B9FCF55F-72AA-4C47-99BC-3FCCF9904FF6}
	EndProjectSection
EndProject
Project("{FAE04EC0-301F-11D3-BF4B-00C04F79EFBC}") = "RichardBurnsRally", "RichardBurnsRally\RichardBurnsRally.csproj", "{DBD9EAF6-6896-4088-AF8C-0FB0148DC0E5}"
	ProjectSection(ProjectDependencies) = postProject
		{B9FCF55F-72AA-4C47-99BC-3FCCF9904FF6} = {B9FCF55F-72AA-4C47-99BC-3FCCF9904FF6}
	EndProjectSection
EndProject
Project("{8BC9CEB8-8B4A-11D0-8D11-00A0C91BC942}") = "rFactorSharedMemoryMap", "rFactor2plugin\rFactorSharedMemoryMap\Win32\rFactorSharedMemoryMap.vcxproj", "{D0C09F9B-E1D6-4A04-B698-190F52BBA156}"
EndProject
Project("{FAE04EC0-301F-11D3-BF4B-00C04F79EFBC}") = "F1Series", "F1Series\F1Series.csproj", "{A5574646-3E19-44C7-BB37-6C07D9207BFD}"
	ProjectSection(ProjectDependencies) = postProject
		{B9FCF55F-72AA-4C47-99BC-3FCCF9904FF6} = {B9FCF55F-72AA-4C47-99BC-3FCCF9904FF6}
	EndProjectSection
EndProject
Project("{FAE04EC0-301F-11D3-BF4B-00C04F79EFBC}") = "Race07Plugin", "Race07Plugin\Race07Plugin.csproj", "{7D4E95A1-5E26-4897-94B7-1B898E152EB2}"
	ProjectSection(ProjectDependencies) = postProject
		{B9FCF55F-72AA-4C47-99BC-3FCCF9904FF6} = {B9FCF55F-72AA-4C47-99BC-3FCCF9904FF6}
	EndProjectSection
EndProject
Project("{FAE04EC0-301F-11D3-BF4B-00C04F79EFBC}") = "TrucksPlugin", "TrucksPlugin\TrucksPlugin.csproj", "{C6D7D2D7-BCC3-464B-9322-72743E480603}"
	ProjectSection(ProjectDependencies) = postProject
		{9BAFDA36-E52E-41FC-A143-C94B8FB0294B} = {9BAFDA36-E52E-41FC-A143-C94B8FB0294B}
	EndProjectSection
EndProject
Project("{8BC9CEB8-8B4A-11D0-8D11-00A0C91BC942}") = "telemetry_mem", "TrucksPlugin\scs_sdk_1_14\examples\telemetry_mem\telemetry_mem.vcxproj", "{9BAFDA36-E52E-41FC-A143-C94B8FB0294B}"
EndProject
Project("{2150E333-8FDC-42A3-9474-1A3956D46DE8}") = "OMSI2", "OMSI2", "{E966EA1E-D7FA-49D3-BBAC-76F7BE34246C}"
EndProject
Project("{8BC9CEB8-8B4A-11D0-8D11-00A0C91BC942}") = "Omsi2Shared", "OMSI2\Omsi2Shared\Omsi2Shared.vcxproj", "{2BB24116-5656-4AC4-A6FE-456FA896DFE6}"
EndProject
Project("{FAE04EC0-301F-11D3-BF4B-00C04F79EFBC}") = "WreckfestPlugin", "WreckfestPlugin\WreckfestPlugin.csproj", "{FC2CE568-6F40-462B-9D15-2B50F3007798}"
EndProject
Project("{FAE04EC0-301F-11D3-BF4B-00C04F79EFBC}") = "DCS", "dcs\DCS.csproj", "{DDB426D6-C36A-4F94-84FB-8725119A8B71}"
EndProject
Project("{8BC9CEB8-8B4A-11D0-8D11-00A0C91BC942}") = "MotionPlatformData", "X-Plane\MotionPlatformData\MotionPlatformData.vcxproj", "{E97F9C4E-11D1-DC79-ABD3-F73CBF802DC2}"
EndProject
Global
	GlobalSection(SolutionConfigurationPlatforms) = preSolution
		Debug|Any CPU = Debug|Any CPU
		Debug|x64 = Debug|x64
		Debug|x86 = Debug|x86
		Release|Any CPU = Release|Any CPU
		Release|x64 = Release|x64
		Release|x86 = Release|x86
	EndGlobalSection
	GlobalSection(ProjectConfigurationPlatforms) = postSolution
		{44ED11E0-0334-4BD6-AFAB-B46D5129E67D}.Debug|Any CPU.ActiveCfg = Debug|Any CPU
		{44ED11E0-0334-4BD6-AFAB-B46D5129E67D}.Debug|Any CPU.Build.0 = Debug|Any CPU
		{44ED11E0-0334-4BD6-AFAB-B46D5129E67D}.Debug|x64.ActiveCfg = Debug|Any CPU
		{44ED11E0-0334-4BD6-AFAB-B46D5129E67D}.Debug|x64.Build.0 = Debug|Any CPU
		{44ED11E0-0334-4BD6-AFAB-B46D5129E67D}.Debug|x86.ActiveCfg = Debug|Any CPU
		{44ED11E0-0334-4BD6-AFAB-B46D5129E67D}.Debug|x86.Build.0 = Debug|Any CPU
		{44ED11E0-0334-4BD6-AFAB-B46D5129E67D}.Release|Any CPU.ActiveCfg = Release|Any CPU
		{44ED11E0-0334-4BD6-AFAB-B46D5129E67D}.Release|Any CPU.Build.0 = Release|Any CPU
		{44ED11E0-0334-4BD6-AFAB-B46D5129E67D}.Release|x64.ActiveCfg = Release|Any CPU
		{44ED11E0-0334-4BD6-AFAB-B46D5129E67D}.Release|x64.Build.0 = Release|Any CPU
		{44ED11E0-0334-4BD6-AFAB-B46D5129E67D}.Release|x86.ActiveCfg = Release|Any CPU
		{44ED11E0-0334-4BD6-AFAB-B46D5129E67D}.Release|x86.Build.0 = Release|Any CPU
		{B9FCF55F-72AA-4C47-99BC-3FCCF9904FF6}.Debug|Any CPU.ActiveCfg = Release|Any CPU
		{B9FCF55F-72AA-4C47-99BC-3FCCF9904FF6}.Debug|Any CPU.Build.0 = Release|Any CPU
		{B9FCF55F-72AA-4C47-99BC-3FCCF9904FF6}.Debug|x64.ActiveCfg = Debug|Any CPU
		{B9FCF55F-72AA-4C47-99BC-3FCCF9904FF6}.Debug|x64.Build.0 = Debug|Any CPU
		{B9FCF55F-72AA-4C47-99BC-3FCCF9904FF6}.Debug|x86.ActiveCfg = Debug|Any CPU
		{B9FCF55F-72AA-4C47-99BC-3FCCF9904FF6}.Debug|x86.Build.0 = Debug|Any CPU
		{B9FCF55F-72AA-4C47-99BC-3FCCF9904FF6}.Release|Any CPU.ActiveCfg = Release|Any CPU
		{B9FCF55F-72AA-4C47-99BC-3FCCF9904FF6}.Release|Any CPU.Build.0 = Release|Any CPU
		{B9FCF55F-72AA-4C47-99BC-3FCCF9904FF6}.Release|x64.ActiveCfg = Release|Any CPU
		{B9FCF55F-72AA-4C47-99BC-3FCCF9904FF6}.Release|x64.Build.0 = Release|Any CPU
		{B9FCF55F-72AA-4C47-99BC-3FCCF9904FF6}.Release|x86.ActiveCfg = Release|Any CPU
		{B9FCF55F-72AA-4C47-99BC-3FCCF9904FF6}.Release|x86.Build.0 = Release|Any CPU
		{1E83D754-0DF1-4B68-BB37-88D441EAB544}.Debug|Any CPU.ActiveCfg = Debug|Any CPU
		{1E83D754-0DF1-4B68-BB37-88D441EAB544}.Debug|Any CPU.Build.0 = Debug|Any CPU
		{1E83D754-0DF1-4B68-BB37-88D441EAB544}.Debug|x64.ActiveCfg = Debug|Any CPU
		{1E83D754-0DF1-4B68-BB37-88D441EAB544}.Debug|x64.Build.0 = Debug|Any CPU
		{1E83D754-0DF1-4B68-BB37-88D441EAB544}.Debug|x86.ActiveCfg = Debug|Any CPU
		{1E83D754-0DF1-4B68-BB37-88D441EAB544}.Debug|x86.Build.0 = Debug|Any CPU
		{1E83D754-0DF1-4B68-BB37-88D441EAB544}.Release|Any CPU.ActiveCfg = Release|Any CPU
		{1E83D754-0DF1-4B68-BB37-88D441EAB544}.Release|Any CPU.Build.0 = Release|Any CPU
		{1E83D754-0DF1-4B68-BB37-88D441EAB544}.Release|x64.ActiveCfg = Release|Any CPU
		{1E83D754-0DF1-4B68-BB37-88D441EAB544}.Release|x64.Build.0 = Release|Any CPU
		{1E83D754-0DF1-4B68-BB37-88D441EAB544}.Release|x86.ActiveCfg = Release|Any CPU
		{1E83D754-0DF1-4B68-BB37-88D441EAB544}.Release|x86.Build.0 = Release|Any CPU
		{158D561C-116C-43DE-A687-12401EBAA88E}.Debug|Any CPU.ActiveCfg = Debug|Any CPU
		{158D561C-116C-43DE-A687-12401EBAA88E}.Debug|Any CPU.Build.0 = Debug|Any CPU
		{158D561C-116C-43DE-A687-12401EBAA88E}.Debug|x64.ActiveCfg = Debug|Any CPU
		{158D561C-116C-43DE-A687-12401EBAA88E}.Debug|x64.Build.0 = Debug|Any CPU
		{158D561C-116C-43DE-A687-12401EBAA88E}.Debug|x86.ActiveCfg = Debug|Any CPU
		{158D561C-116C-43DE-A687-12401EBAA88E}.Debug|x86.Build.0 = Debug|Any CPU
		{158D561C-116C-43DE-A687-12401EBAA88E}.Release|Any CPU.ActiveCfg = Release|Any CPU
		{158D561C-116C-43DE-A687-12401EBAA88E}.Release|Any CPU.Build.0 = Release|Any CPU
		{158D561C-116C-43DE-A687-12401EBAA88E}.Release|x64.ActiveCfg = Release|Any CPU
		{158D561C-116C-43DE-A687-12401EBAA88E}.Release|x64.Build.0 = Release|Any CPU
		{158D561C-116C-43DE-A687-12401EBAA88E}.Release|x86.ActiveCfg = Release|Any CPU
		{158D561C-116C-43DE-A687-12401EBAA88E}.Release|x86.Build.0 = Release|Any CPU
		{7A0A94DC-70CE-4323-8DD9-B7235CE036D0}.Debug|Any CPU.ActiveCfg = Debug|Any CPU
		{7A0A94DC-70CE-4323-8DD9-B7235CE036D0}.Debug|Any CPU.Build.0 = Debug|Any CPU
		{7A0A94DC-70CE-4323-8DD9-B7235CE036D0}.Debug|x64.ActiveCfg = Debug|Any CPU
		{7A0A94DC-70CE-4323-8DD9-B7235CE036D0}.Debug|x64.Build.0 = Debug|Any CPU
		{7A0A94DC-70CE-4323-8DD9-B7235CE036D0}.Debug|x86.ActiveCfg = Debug|Any CPU
		{7A0A94DC-70CE-4323-8DD9-B7235CE036D0}.Debug|x86.Build.0 = Debug|Any CPU
		{7A0A94DC-70CE-4323-8DD9-B7235CE036D0}.Release|Any CPU.ActiveCfg = Release|Any CPU
		{7A0A94DC-70CE-4323-8DD9-B7235CE036D0}.Release|Any CPU.Build.0 = Release|Any CPU
		{7A0A94DC-70CE-4323-8DD9-B7235CE036D0}.Release|x64.ActiveCfg = Release|Any CPU
		{7A0A94DC-70CE-4323-8DD9-B7235CE036D0}.Release|x64.Build.0 = Release|Any CPU
		{7A0A94DC-70CE-4323-8DD9-B7235CE036D0}.Release|x86.ActiveCfg = Release|Any CPU
		{7A0A94DC-70CE-4323-8DD9-B7235CE036D0}.Release|x86.Build.0 = Release|Any CPU
		{906AF0C1-D265-49DE-9CA5-2C2C049F70DD}.Debug|Any CPU.ActiveCfg = Debug|Any CPU
		{906AF0C1-D265-49DE-9CA5-2C2C049F70DD}.Debug|Any CPU.Build.0 = Debug|Any CPU
		{906AF0C1-D265-49DE-9CA5-2C2C049F70DD}.Debug|x64.ActiveCfg = Debug|Any CPU
		{906AF0C1-D265-49DE-9CA5-2C2C049F70DD}.Debug|x64.Build.0 = Debug|Any CPU
		{906AF0C1-D265-49DE-9CA5-2C2C049F70DD}.Debug|x86.ActiveCfg = Debug|Any CPU
		{906AF0C1-D265-49DE-9CA5-2C2C049F70DD}.Debug|x86.Build.0 = Debug|Any CPU
		{906AF0C1-D265-49DE-9CA5-2C2C049F70DD}.Release|Any CPU.ActiveCfg = Release|Any CPU
		{906AF0C1-D265-49DE-9CA5-2C2C049F70DD}.Release|Any CPU.Build.0 = Release|Any CPU
		{906AF0C1-D265-49DE-9CA5-2C2C049F70DD}.Release|x64.ActiveCfg = Release|Any CPU
		{906AF0C1-D265-49DE-9CA5-2C2C049F70DD}.Release|x64.Build.0 = Release|Any CPU
		{906AF0C1-D265-49DE-9CA5-2C2C049F70DD}.Release|x86.ActiveCfg = Release|Any CPU
		{906AF0C1-D265-49DE-9CA5-2C2C049F70DD}.Release|x86.Build.0 = Release|Any CPU
		{B44346F8-CC3A-4FB0-A253-7A4A61C91CA5}.Debug|Any CPU.ActiveCfg = Debug|Any CPU
		{B44346F8-CC3A-4FB0-A253-7A4A61C91CA5}.Debug|Any CPU.Build.0 = Debug|Any CPU
		{B44346F8-CC3A-4FB0-A253-7A4A61C91CA5}.Debug|x64.ActiveCfg = Debug|Any CPU
		{B44346F8-CC3A-4FB0-A253-7A4A61C91CA5}.Debug|x64.Build.0 = Debug|Any CPU
		{B44346F8-CC3A-4FB0-A253-7A4A61C91CA5}.Debug|x86.ActiveCfg = Debug|Any CPU
		{B44346F8-CC3A-4FB0-A253-7A4A61C91CA5}.Debug|x86.Build.0 = Debug|Any CPU
		{B44346F8-CC3A-4FB0-A253-7A4A61C91CA5}.Release|Any CPU.ActiveCfg = Release|Any CPU
		{B44346F8-CC3A-4FB0-A253-7A4A61C91CA5}.Release|Any CPU.Build.0 = Release|Any CPU
		{B44346F8-CC3A-4FB0-A253-7A4A61C91CA5}.Release|x64.ActiveCfg = Release|Any CPU
		{B44346F8-CC3A-4FB0-A253-7A4A61C91CA5}.Release|x64.Build.0 = Release|Any CPU
		{B44346F8-CC3A-4FB0-A253-7A4A61C91CA5}.Release|x86.ActiveCfg = Release|Any CPU
		{B44346F8-CC3A-4FB0-A253-7A4A61C91CA5}.Release|x86.Build.0 = Release|Any CPU
		{6DC3B516-D594-4FA0-9BFF-FB0E36E55669}.Debug|Any CPU.ActiveCfg = Debug|Any CPU
		{6DC3B516-D594-4FA0-9BFF-FB0E36E55669}.Debug|Any CPU.Build.0 = Debug|Any CPU
		{6DC3B516-D594-4FA0-9BFF-FB0E36E55669}.Debug|x64.ActiveCfg = Debug|Any CPU
		{6DC3B516-D594-4FA0-9BFF-FB0E36E55669}.Debug|x64.Build.0 = Debug|Any CPU
		{6DC3B516-D594-4FA0-9BFF-FB0E36E55669}.Debug|x86.ActiveCfg = Debug|Any CPU
		{6DC3B516-D594-4FA0-9BFF-FB0E36E55669}.Debug|x86.Build.0 = Debug|Any CPU
		{6DC3B516-D594-4FA0-9BFF-FB0E36E55669}.Release|Any CPU.ActiveCfg = Release|Any CPU
		{6DC3B516-D594-4FA0-9BFF-FB0E36E55669}.Release|Any CPU.Build.0 = Release|Any CPU
		{6DC3B516-D594-4FA0-9BFF-FB0E36E55669}.Release|x64.ActiveCfg = Release|Any CPU
		{6DC3B516-D594-4FA0-9BFF-FB0E36E55669}.Release|x64.Build.0 = Release|Any CPU
		{6DC3B516-D594-4FA0-9BFF-FB0E36E55669}.Release|x86.ActiveCfg = Release|Any CPU
		{6DC3B516-D594-4FA0-9BFF-FB0E36E55669}.Release|x86.Build.0 = Release|Any CPU
		{60382F1B-B5C2-4DA3-8DE6-CD2316D9D353}.Debug|Any CPU.ActiveCfg = Debug|Any CPU
		{60382F1B-B5C2-4DA3-8DE6-CD2316D9D353}.Debug|Any CPU.Build.0 = Debug|Any CPU
		{60382F1B-B5C2-4DA3-8DE6-CD2316D9D353}.Debug|x64.ActiveCfg = Debug|Any CPU
		{60382F1B-B5C2-4DA3-8DE6-CD2316D9D353}.Debug|x64.Build.0 = Debug|Any CPU
		{60382F1B-B5C2-4DA3-8DE6-CD2316D9D353}.Debug|x86.ActiveCfg = Debug|Any CPU
		{60382F1B-B5C2-4DA3-8DE6-CD2316D9D353}.Debug|x86.Build.0 = Debug|Any CPU
		{60382F1B-B5C2-4DA3-8DE6-CD2316D9D353}.Release|Any CPU.ActiveCfg = Release|Any CPU
		{60382F1B-B5C2-4DA3-8DE6-CD2316D9D353}.Release|Any CPU.Build.0 = Release|Any CPU
		{60382F1B-B5C2-4DA3-8DE6-CD2316D9D353}.Release|x64.ActiveCfg = Release|Any CPU
		{60382F1B-B5C2-4DA3-8DE6-CD2316D9D353}.Release|x64.Build.0 = Release|Any CPU
		{60382F1B-B5C2-4DA3-8DE6-CD2316D9D353}.Release|x86.ActiveCfg = Release|Any CPU
		{60382F1B-B5C2-4DA3-8DE6-CD2316D9D353}.Release|x86.Build.0 = Release|Any CPU
		{6F2FB510-4897-4CE7-8C50-C603CCA90713}.Debug|Any CPU.ActiveCfg = Debug|Any CPU
		{6F2FB510-4897-4CE7-8C50-C603CCA90713}.Debug|Any CPU.Build.0 = Debug|Any CPU
		{6F2FB510-4897-4CE7-8C50-C603CCA90713}.Debug|x64.ActiveCfg = Debug|Any CPU
		{6F2FB510-4897-4CE7-8C50-C603CCA90713}.Debug|x64.Build.0 = Debug|Any CPU
		{6F2FB510-4897-4CE7-8C50-C603CCA90713}.Debug|x86.ActiveCfg = Debug|Any CPU
		{6F2FB510-4897-4CE7-8C50-C603CCA90713}.Debug|x86.Build.0 = Debug|Any CPU
		{6F2FB510-4897-4CE7-8C50-C603CCA90713}.Release|Any CPU.ActiveCfg = Release|Any CPU
		{6F2FB510-4897-4CE7-8C50-C603CCA90713}.Release|Any CPU.Build.0 = Release|Any CPU
		{6F2FB510-4897-4CE7-8C50-C603CCA90713}.Release|x64.ActiveCfg = Release|Any CPU
		{6F2FB510-4897-4CE7-8C50-C603CCA90713}.Release|x64.Build.0 = Release|Any CPU
		{6F2FB510-4897-4CE7-8C50-C603CCA90713}.Release|x86.ActiveCfg = Release|Any CPU
		{6F2FB510-4897-4CE7-8C50-C603CCA90713}.Release|x86.Build.0 = Release|Any CPU
		{FCB3EBE1-6E07-41BB-8182-A2AC03D54FF3}.Debug|Any CPU.ActiveCfg = Debug|Any CPU
		{FCB3EBE1-6E07-41BB-8182-A2AC03D54FF3}.Debug|Any CPU.Build.0 = Debug|Any CPU
		{FCB3EBE1-6E07-41BB-8182-A2AC03D54FF3}.Debug|x64.ActiveCfg = Debug|Any CPU
		{FCB3EBE1-6E07-41BB-8182-A2AC03D54FF3}.Debug|x64.Build.0 = Debug|Any CPU
		{FCB3EBE1-6E07-41BB-8182-A2AC03D54FF3}.Debug|x86.ActiveCfg = Debug|Any CPU
		{FCB3EBE1-6E07-41BB-8182-A2AC03D54FF3}.Debug|x86.Build.0 = Debug|Any CPU
		{FCB3EBE1-6E07-41BB-8182-A2AC03D54FF3}.Release|Any CPU.ActiveCfg = Release|Any CPU
		{FCB3EBE1-6E07-41BB-8182-A2AC03D54FF3}.Release|Any CPU.Build.0 = Release|Any CPU
		{FCB3EBE1-6E07-41BB-8182-A2AC03D54FF3}.Release|x64.ActiveCfg = Release|Any CPU
		{FCB3EBE1-6E07-41BB-8182-A2AC03D54FF3}.Release|x64.Build.0 = Release|Any CPU
		{FCB3EBE1-6E07-41BB-8182-A2AC03D54FF3}.Release|x86.ActiveCfg = Release|Any CPU
		{FCB3EBE1-6E07-41BB-8182-A2AC03D54FF3}.Release|x86.Build.0 = Release|Any CPU
		{4BFF2C7E-F8CE-4D1A-916E-2158FD0A3595}.Debug|Any CPU.ActiveCfg = Debug|Any CPU
		{4BFF2C7E-F8CE-4D1A-916E-2158FD0A3595}.Debug|Any CPU.Build.0 = Debug|Any CPU
		{4BFF2C7E-F8CE-4D1A-916E-2158FD0A3595}.Debug|x64.ActiveCfg = Debug|Any CPU
		{4BFF2C7E-F8CE-4D1A-916E-2158FD0A3595}.Debug|x64.Build.0 = Debug|Any CPU
		{4BFF2C7E-F8CE-4D1A-916E-2158FD0A3595}.Debug|x86.ActiveCfg = Debug|Any CPU
		{4BFF2C7E-F8CE-4D1A-916E-2158FD0A3595}.Debug|x86.Build.0 = Debug|Any CPU
		{4BFF2C7E-F8CE-4D1A-916E-2158FD0A3595}.Release|Any CPU.ActiveCfg = Release|Any CPU
		{4BFF2C7E-F8CE-4D1A-916E-2158FD0A3595}.Release|Any CPU.Build.0 = Release|Any CPU
		{4BFF2C7E-F8CE-4D1A-916E-2158FD0A3595}.Release|x64.ActiveCfg = Release|Any CPU
		{4BFF2C7E-F8CE-4D1A-916E-2158FD0A3595}.Release|x64.Build.0 = Release|Any CPU
		{4BFF2C7E-F8CE-4D1A-916E-2158FD0A3595}.Release|x86.ActiveCfg = Release|Any CPU
		{4BFF2C7E-F8CE-4D1A-916E-2158FD0A3595}.Release|x86.Build.0 = Release|Any CPU
		{6E0131D4-233C-4538-868B-AD43E487C103}.Debug|Any CPU.ActiveCfg = Debug|Any CPU
		{6E0131D4-233C-4538-868B-AD43E487C103}.Debug|Any CPU.Build.0 = Debug|Any CPU
		{6E0131D4-233C-4538-868B-AD43E487C103}.Debug|x64.ActiveCfg = Debug|Any CPU
		{6E0131D4-233C-4538-868B-AD43E487C103}.Debug|x64.Build.0 = Debug|Any CPU
		{6E0131D4-233C-4538-868B-AD43E487C103}.Debug|x86.ActiveCfg = Debug|Any CPU
		{6E0131D4-233C-4538-868B-AD43E487C103}.Debug|x86.Build.0 = Debug|Any CPU
		{6E0131D4-233C-4538-868B-AD43E487C103}.Release|Any CPU.ActiveCfg = Release|Any CPU
		{6E0131D4-233C-4538-868B-AD43E487C103}.Release|Any CPU.Build.0 = Release|Any CPU
		{6E0131D4-233C-4538-868B-AD43E487C103}.Release|x64.ActiveCfg = Release|Any CPU
		{6E0131D4-233C-4538-868B-AD43E487C103}.Release|x64.Build.0 = Release|Any CPU
		{6E0131D4-233C-4538-868B-AD43E487C103}.Release|x86.ActiveCfg = Release|Any CPU
		{6E0131D4-233C-4538-868B-AD43E487C103}.Release|x86.Build.0 = Release|Any CPU
		{3A0990F7-AFDF-4E02-ADC1-63C9613B603F}.Debug|Any CPU.ActiveCfg = Debug|Any CPU
		{3A0990F7-AFDF-4E02-ADC1-63C9613B603F}.Debug|Any CPU.Build.0 = Debug|Any CPU
		{3A0990F7-AFDF-4E02-ADC1-63C9613B603F}.Debug|x64.ActiveCfg = Debug|Any CPU
		{3A0990F7-AFDF-4E02-ADC1-63C9613B603F}.Debug|x64.Build.0 = Debug|Any CPU
		{3A0990F7-AFDF-4E02-ADC1-63C9613B603F}.Debug|x86.ActiveCfg = Debug|Any CPU
		{3A0990F7-AFDF-4E02-ADC1-63C9613B603F}.Debug|x86.Build.0 = Debug|Any CPU
		{3A0990F7-AFDF-4E02-ADC1-63C9613B603F}.Release|Any CPU.ActiveCfg = Release|Any CPU
		{3A0990F7-AFDF-4E02-ADC1-63C9613B603F}.Release|Any CPU.Build.0 = Release|Any CPU
		{3A0990F7-AFDF-4E02-ADC1-63C9613B603F}.Release|x64.ActiveCfg = Release|Any CPU
		{3A0990F7-AFDF-4E02-ADC1-63C9613B603F}.Release|x64.Build.0 = Release|Any CPU
		{3A0990F7-AFDF-4E02-ADC1-63C9613B603F}.Release|x86.ActiveCfg = Release|Any CPU
		{3A0990F7-AFDF-4E02-ADC1-63C9613B603F}.Release|x86.Build.0 = Release|Any CPU
		{DBD9EAF6-6896-4088-AF8C-0FB0148DC0E5}.Debug|Any CPU.ActiveCfg = Debug|Any CPU
		{DBD9EAF6-6896-4088-AF8C-0FB0148DC0E5}.Debug|Any CPU.Build.0 = Debug|Any CPU
		{DBD9EAF6-6896-4088-AF8C-0FB0148DC0E5}.Debug|x64.ActiveCfg = Debug|Any CPU
		{DBD9EAF6-6896-4088-AF8C-0FB0148DC0E5}.Debug|x64.Build.0 = Debug|Any CPU
		{DBD9EAF6-6896-4088-AF8C-0FB0148DC0E5}.Debug|x86.ActiveCfg = Debug|Any CPU
		{DBD9EAF6-6896-4088-AF8C-0FB0148DC0E5}.Debug|x86.Build.0 = Debug|Any CPU
		{DBD9EAF6-6896-4088-AF8C-0FB0148DC0E5}.Release|Any CPU.ActiveCfg = Release|Any CPU
		{DBD9EAF6-6896-4088-AF8C-0FB0148DC0E5}.Release|Any CPU.Build.0 = Release|Any CPU
		{DBD9EAF6-6896-4088-AF8C-0FB0148DC0E5}.Release|x64.ActiveCfg = Release|Any CPU
		{DBD9EAF6-6896-4088-AF8C-0FB0148DC0E5}.Release|x64.Build.0 = Release|Any CPU
		{DBD9EAF6-6896-4088-AF8C-0FB0148DC0E5}.Release|x86.ActiveCfg = Release|Any CPU
		{DBD9EAF6-6896-4088-AF8C-0FB0148DC0E5}.Release|x86.Build.0 = Release|Any CPU
		{D0C09F9B-E1D6-4A04-B698-190F52BBA156}.Debug|Any CPU.ActiveCfg = Debug|Win32
		{D0C09F9B-E1D6-4A04-B698-190F52BBA156}.Debug|x64.ActiveCfg = Debug|Win32
		{D0C09F9B-E1D6-4A04-B698-190F52BBA156}.Debug|x86.ActiveCfg = Debug|Win32
		{D0C09F9B-E1D6-4A04-B698-190F52BBA156}.Debug|x86.Build.0 = Debug|Win32
		{D0C09F9B-E1D6-4A04-B698-190F52BBA156}.Release|Any CPU.ActiveCfg = Release|Win32
		{D0C09F9B-E1D6-4A04-B698-190F52BBA156}.Release|Any CPU.Build.0 = Release|Win32
		{D0C09F9B-E1D6-4A04-B698-190F52BBA156}.Release|x64.ActiveCfg = Release|Win32
		{D0C09F9B-E1D6-4A04-B698-190F52BBA156}.Release|x86.ActiveCfg = Release|Win32
		{D0C09F9B-E1D6-4A04-B698-190F52BBA156}.Release|x86.Build.0 = Release|Win32
		{A5574646-3E19-44C7-BB37-6C07D9207BFD}.Debug|Any CPU.ActiveCfg = Debug|Any CPU
		{A5574646-3E19-44C7-BB37-6C07D9207BFD}.Debug|Any CPU.Build.0 = Debug|Any CPU
		{A5574646-3E19-44C7-BB37-6C07D9207BFD}.Debug|x64.ActiveCfg = Debug|Any CPU
		{A5574646-3E19-44C7-BB37-6C07D9207BFD}.Debug|x64.Build.0 = Debug|Any CPU
		{A5574646-3E19-44C7-BB37-6C07D9207BFD}.Debug|x86.ActiveCfg = Debug|Any CPU
		{A5574646-3E19-44C7-BB37-6C07D9207BFD}.Debug|x86.Build.0 = Debug|Any CPU
		{A5574646-3E19-44C7-BB37-6C07D9207BFD}.Release|Any CPU.ActiveCfg = Release|Any CPU
		{A5574646-3E19-44C7-BB37-6C07D9207BFD}.Release|Any CPU.Build.0 = Release|Any CPU
		{A5574646-3E19-44C7-BB37-6C07D9207BFD}.Release|x64.ActiveCfg = Release|Any CPU
		{A5574646-3E19-44C7-BB37-6C07D9207BFD}.Release|x64.Build.0 = Release|Any CPU
		{A5574646-3E19-44C7-BB37-6C07D9207BFD}.Release|x86.ActiveCfg = Release|Any CPU
		{A5574646-3E19-44C7-BB37-6C07D9207BFD}.Release|x86.Build.0 = Release|Any CPU
		{7D4E95A1-5E26-4897-94B7-1B898E152EB2}.Debug|Any CPU.ActiveCfg = Debug|Any CPU
		{7D4E95A1-5E26-4897-94B7-1B898E152EB2}.Debug|Any CPU.Build.0 = Debug|Any CPU
		{7D4E95A1-5E26-4897-94B7-1B898E152EB2}.Debug|x64.ActiveCfg = Debug|Any CPU
		{7D4E95A1-5E26-4897-94B7-1B898E152EB2}.Debug|x64.Build.0 = Debug|Any CPU
		{7D4E95A1-5E26-4897-94B7-1B898E152EB2}.Debug|x86.ActiveCfg = Debug|Any CPU
		{7D4E95A1-5E26-4897-94B7-1B898E152EB2}.Debug|x86.Build.0 = Debug|Any CPU
		{7D4E95A1-5E26-4897-94B7-1B898E152EB2}.Release|Any CPU.ActiveCfg = Release|Any CPU
		{7D4E95A1-5E26-4897-94B7-1B898E152EB2}.Release|Any CPU.Build.0 = Release|Any CPU
		{7D4E95A1-5E26-4897-94B7-1B898E152EB2}.Release|x64.ActiveCfg = Release|Any CPU
		{7D4E95A1-5E26-4897-94B7-1B898E152EB2}.Release|x64.Build.0 = Release|Any CPU
		{7D4E95A1-5E26-4897-94B7-1B898E152EB2}.Release|x86.ActiveCfg = Release|Any CPU
		{7D4E95A1-5E26-4897-94B7-1B898E152EB2}.Release|x86.Build.0 = Release|Any CPU
		{C6D7D2D7-BCC3-464B-9322-72743E480603}.Debug|Any CPU.ActiveCfg = Debug|Any CPU
		{C6D7D2D7-BCC3-464B-9322-72743E480603}.Debug|Any CPU.Build.0 = Debug|Any CPU
		{C6D7D2D7-BCC3-464B-9322-72743E480603}.Debug|x64.ActiveCfg = Debug|Any CPU
		{C6D7D2D7-BCC3-464B-9322-72743E480603}.Debug|x64.Build.0 = Debug|Any CPU
		{C6D7D2D7-BCC3-464B-9322-72743E480603}.Debug|x86.ActiveCfg = Debug|Any CPU
		{C6D7D2D7-BCC3-464B-9322-72743E480603}.Debug|x86.Build.0 = Debug|Any CPU
		{C6D7D2D7-BCC3-464B-9322-72743E480603}.Release|Any CPU.ActiveCfg = Release|Any CPU
		{C6D7D2D7-BCC3-464B-9322-72743E480603}.Release|Any CPU.Build.0 = Release|Any CPU
		{C6D7D2D7-BCC3-464B-9322-72743E480603}.Release|x64.ActiveCfg = Release|Any CPU
		{C6D7D2D7-BCC3-464B-9322-72743E480603}.Release|x64.Build.0 = Release|Any CPU
		{C6D7D2D7-BCC3-464B-9322-72743E480603}.Release|x86.ActiveCfg = Release|Any CPU
		{C6D7D2D7-BCC3-464B-9322-72743E480603}.Release|x86.Build.0 = Release|Any CPU
		{9BAFDA36-E52E-41FC-A143-C94B8FB0294B}.Debug|Any CPU.ActiveCfg = Debug|Win32
		{9BAFDA36-E52E-41FC-A143-C94B8FB0294B}.Debug|x64.ActiveCfg = Debug|x64
		{9BAFDA36-E52E-41FC-A143-C94B8FB0294B}.Debug|x64.Build.0 = Debug|x64
		{9BAFDA36-E52E-41FC-A143-C94B8FB0294B}.Debug|x86.ActiveCfg = Debug|Win32
		{9BAFDA36-E52E-41FC-A143-C94B8FB0294B}.Debug|x86.Build.0 = Debug|Win32
		{9BAFDA36-E52E-41FC-A143-C94B8FB0294B}.Release|Any CPU.ActiveCfg = Release|x64
		{9BAFDA36-E52E-41FC-A143-C94B8FB0294B}.Release|Any CPU.Build.0 = Release|x64
		{9BAFDA36-E52E-41FC-A143-C94B8FB0294B}.Release|x64.ActiveCfg = Release|x64
		{9BAFDA36-E52E-41FC-A143-C94B8FB0294B}.Release|x64.Build.0 = Release|x64
		{9BAFDA36-E52E-41FC-A143-C94B8FB0294B}.Release|x86.ActiveCfg = Release|Win32
		{9BAFDA36-E52E-41FC-A143-C94B8FB0294B}.Release|x86.Build.0 = Release|Win32
		{2BB24116-5656-4AC4-A6FE-456FA896DFE6}.Debug|Any CPU.ActiveCfg = Debug|Win32
		{2BB24116-5656-4AC4-A6FE-456FA896DFE6}.Debug|x64.ActiveCfg = Debug|x64
		{2BB24116-5656-4AC4-A6FE-456FA896DFE6}.Debug|x64.Build.0 = Debug|x64
		{2BB24116-5656-4AC4-A6FE-456FA896DFE6}.Debug|x86.ActiveCfg = Debug|Win32
		{2BB24116-5656-4AC4-A6FE-456FA896DFE6}.Debug|x86.Build.0 = Debug|Win32
		{2BB24116-5656-4AC4-A6FE-456FA896DFE6}.Release|Any CPU.ActiveCfg = Release|Win32
		{2BB24116-5656-4AC4-A6FE-456FA896DFE6}.Release|x64.ActiveCfg = Release|x64
		{2BB24116-5656-4AC4-A6FE-456FA896DFE6}.Release|x64.Build.0 = Release|x64
		{2BB24116-5656-4AC4-A6FE-456FA896DFE6}.Release|x86.ActiveCfg = Release|Win32
		{2BB24116-5656-4AC4-A6FE-456FA896DFE6}.Release|x86.Build.0 = Release|Win32
		{FC2CE568-6F40-462B-9D15-2B50F3007798}.Debug|Any CPU.ActiveCfg = Debug|Any CPU
		{FC2CE568-6F40-462B-9D15-2B50F3007798}.Debug|Any CPU.Build.0 = Debug|Any CPU
		{FC2CE568-6F40-462B-9D15-2B50F3007798}.Debug|x64.ActiveCfg = Debug|Any CPU
		{FC2CE568-6F40-462B-9D15-2B50F3007798}.Debug|x64.Build.0 = Debug|Any CPU
		{FC2CE568-6F40-462B-9D15-2B50F3007798}.Debug|x86.ActiveCfg = Debug|Any CPU
		{FC2CE568-6F40-462B-9D15-2B50F3007798}.Debug|x86.Build.0 = Debug|Any CPU
		{FC2CE568-6F40-462B-9D15-2B50F3007798}.Release|Any CPU.ActiveCfg = Release|Any CPU
		{FC2CE568-6F40-462B-9D15-2B50F3007798}.Release|Any CPU.Build.0 = Release|Any CPU
		{FC2CE568-6F40-462B-9D15-2B50F3007798}.Release|x64.ActiveCfg = Release|Any CPU
		{FC2CE568-6F40-462B-9D15-2B50F3007798}.Release|x64.Build.0 = Release|Any CPU
		{FC2CE568-6F40-462B-9D15-2B50F3007798}.Release|x86.ActiveCfg = Release|Any CPU
		{FC2CE568-6F40-462B-9D15-2B50F3007798}.Release|x86.Build.0 = Release|Any CPU
		{DDB426D6-C36A-4F94-84FB-8725119A8B71}.Debug|Any CPU.ActiveCfg = Debug|Any CPU
		{DDB426D6-C36A-4F94-84FB-8725119A8B71}.Debug|Any CPU.Build.0 = Debug|Any CPU
		{DDB426D6-C36A-4F94-84FB-8725119A8B71}.Debug|x64.ActiveCfg = Debug|Any CPU
		{DDB426D6-C36A-4F94-84FB-8725119A8B71}.Debug|x64.Build.0 = Debug|Any CPU
		{DDB426D6-C36A-4F94-84FB-8725119A8B71}.Debug|x86.ActiveCfg = Debug|Any CPU
		{DDB426D6-C36A-4F94-84FB-8725119A8B71}.Debug|x86.Build.0 = Debug|Any CPU
		{DDB426D6-C36A-4F94-84FB-8725119A8B71}.Release|Any CPU.ActiveCfg = Release|Any CPU
		{DDB426D6-C36A-4F94-84FB-8725119A8B71}.Release|Any CPU.Build.0 = Release|Any CPU
		{DDB426D6-C36A-4F94-84FB-8725119A8B71}.Release|x64.ActiveCfg = Release|Any CPU
		{DDB426D6-C36A-4F94-84FB-8725119A8B71}.Release|x64.Build.0 = Release|Any CPU
		{DDB426D6-C36A-4F94-84FB-8725119A8B71}.Release|x86.ActiveCfg = Release|Any CPU
		{DDB426D6-C36A-4F94-84FB-8725119A8B71}.Release|x86.Build.0 = Release|Any CPU
		{E97F9C4E-11D1-DC79-ABD3-F73CBF802DC2}.Debug|Any CPU.ActiveCfg = Debug|x64
		{E97F9C4E-11D1-DC79-ABD3-F73CBF802DC2}.Debug|Any CPU.Build.0 = Debug|x64
		{E97F9C4E-11D1-DC79-ABD3-F73CBF802DC2}.Debug|x64.ActiveCfg = Debug|x64
		{E97F9C4E-11D1-DC79-ABD3-F73CBF802DC2}.Debug|x64.Build.0 = Debug|x64
		{E97F9C4E-11D1-DC79-ABD3-F73CBF802DC2}.Debug|x86.ActiveCfg = Debug|x64
		{E97F9C4E-11D1-DC79-ABD3-F73CBF802DC2}.Debug|x86.Build.0 = Debug|x64
		{E97F9C4E-11D1-DC79-ABD3-F73CBF802DC2}.Release|Any CPU.ActiveCfg = Release|x64
		{E97F9C4E-11D1-DC79-ABD3-F73CBF802DC2}.Release|Any CPU.Build.0 = Release|x64
		{E97F9C4E-11D1-DC79-ABD3-F73CBF802DC2}.Release|x64.ActiveCfg = Release|x64
		{E97F9C4E-11D1-DC79-ABD3-F73CBF802DC2}.Release|x64.Build.0 = Release|x64
		{E97F9C4E-11D1-DC79-ABD3-F73CBF802DC2}.Release|x86.ActiveCfg = Release|x64
		{E97F9C4E-11D1-DC79-ABD3-F73CBF802DC2}.Release|x86.Build.0 = Release|x64
	EndGlobalSection
	GlobalSection(SolutionProperties) = preSolution
		HideSolutionNode = FALSE
	EndGlobalSection
	GlobalSection(NestedProjects) = preSolution
		{2BB24116-5656-4AC4-A6FE-456FA896DFE6} = {E966EA1E-D7FA-49D3-BBAC-76F7BE34246C}
	EndGlobalSection
	GlobalSection(ExtensibilityGlobals) = postSolution
		SolutionGuid = {93D8EFCD-CED6-4720-B207-5762E3567D57}
	EndGlobalSection
EndGlobal
