
Microsoft Visual Studio Solution File, Format Version 12.00
# Visual Studio Version 17
VisualStudioVersion = 17.14.37411.7
MinimumVisualStudioVersion = 10.0.40219.1
Project("{FAE04EC0-301F-11D3-BF4B-00C04F79EFBC}") = "eXpanSIM", "CSharpPlugin\eXpanSIM.csproj", "{60D80C87-DAC3-7B52-752D-3EE7DB77E16A}"
	ProjectSection(ProjectDependencies) = postProject
		{DA6818DC-5C9C-4ACD-B7B6-5AF12FA67C09} = {DA6818DC-5C9C-4ACD-B7B6-5AF12FA67C09}
	EndProjectSection
EndProject
Project("{8BC9CEB8-8B4A-11D0-8D11-00A0C91BC942}") = "eXpanSIM_TelemetryBridge", "eXpanSIM_TelemetryBridge.vcxproj", "{DA6818DC-5C9C-4ACD-B7B6-5AF12FA67C09}"
EndProject
Global
	GlobalSection(SolutionConfigurationPlatforms) = preSolution
		Debug|Any CPU = Debug|Any CPU
		Debug|x64 = Debug|x64
		Release|Any CPU = Release|Any CPU
		Release|x64 = Release|x64
	EndGlobalSection
	GlobalSection(ProjectConfigurationPlatforms) = postSolution
		{60D80C87-DAC3-7B52-752D-3EE7DB77E16A}.Debug|Any CPU.ActiveCfg = Debug|Any CPU
		{60D80C87-DAC3-7B52-752D-3EE7DB77E16A}.Debug|Any CPU.Build.0 = Debug|Any CPU
		{60D80C87-DAC3-7B52-752D-3EE7DB77E16A}.Debug|x64.ActiveCfg = Debug|Any CPU
		{60D80C87-DAC3-7B52-752D-3EE7DB77E16A}.Debug|x64.Build.0 = Debug|Any CPU
		{60D80C87-DAC3-7B52-752D-3EE7DB77E16A}.Release|Any CPU.ActiveCfg = Release|Any CPU
		{60D80C87-DAC3-7B52-752D-3EE7DB77E16A}.Release|Any CPU.Build.0 = Release|Any CPU
		{60D80C87-DAC3-7B52-752D-3EE7DB77E16A}.Release|x64.ActiveCfg = Release|Any CPU
		{60D80C87-DAC3-7B52-752D-3EE7DB77E16A}.Release|x64.Build.0 = Release|Any CPU
		{DA6818DC-5C9C-4ACD-B7B6-5AF12FA67C09}.Debug|Any CPU.ActiveCfg = Debug|x64
		{DA6818DC-5C9C-4ACD-B7B6-5AF12FA67C09}.Debug|Any CPU.Build.0 = Debug|x64
		{DA6818DC-5C9C-4ACD-B7B6-5AF12FA67C09}.Debug|x64.ActiveCfg = Debug|x64
		{DA6818DC-5C9C-4ACD-B7B6-5AF12FA67C09}.Debug|x64.Build.0 = Debug|x64
		{DA6818DC-5C9C-4ACD-B7B6-5AF12FA67C09}.Release|Any CPU.ActiveCfg = Release|x64
		{DA6818DC-5C9C-4ACD-B7B6-5AF12FA67C09}.Release|Any CPU.Build.0 = Release|x64
		{DA6818DC-5C9C-4ACD-B7B6-5AF12FA67C09}.Release|x64.ActiveCfg = Release|x64
		{DA6818DC-5C9C-4ACD-B7B6-5AF12FA67C09}.Release|x64.Build.0 = Release|x64
	EndGlobalSection
	GlobalSection(SolutionProperties) = preSolution
		HideSolutionNode = FALSE
	EndGlobalSection
	GlobalSection(ExtensibilityGlobals) = postSolution
		SolutionGuid = {E72BD3C7-7B9D-4B9F-B140-06DC344146DD}
	EndGlobalSection
EndGlobal
